
Microsoft Visual Studio Solution File, Format Version 12.00
# Visual Studio 15
VisualStudioVersion = 15.0.28010.0
MinimumVisualStudioVersion = 10.0.40219.1
Project("{FAE04EC0-301F-11D3-BF4B-00C04F79EFBC}") = "Common", "Common\Common.csproj", "{6284A4D2-01F2-41C6-B90B-CA2B7FD3A059}"
EndProject
Project("{9A19103F-16F7-4668-BE54-9A1E7A4F7556}") = "Guards", "Guards\Guards.csproj", "{7B39AE8E-75A6-4F8B-9356-7EF8601CE69B}"
EndProject
Project("{9A19103F-16F7-4668-BE54-9A1E7A4F7556}") = "Options", "Options\Options.csproj", "{4FF420AD-E94D-426C-A59A-6F4FD211E1D3}"
EndProject
Global
	GlobalSection(SolutionConfigurationPlatforms) = preSolution
		Debug|Any CPU = Debug|Any CPU
		Release|Any CPU = Release|Any CPU
	EndGlobalSection
	GlobalSection(ProjectConfigurationPlatforms) = postSolution
		{6284A4D2-01F2-41C6-B90B-CA2B7FD3A059}.Debug|Any CPU.ActiveCfg = Debug|Any CPU
		{6284A4D2-01F2-41C6-B90B-CA2B7FD3A059}.Debug|Any CPU.Build.0 = Debug|Any CPU
		{6284A4D2-01F2-41C6-B90B-CA2B7FD3A059}.Release|Any CPU.ActiveCfg = Release|Any CPU
		{6284A4D2-01F2-41C6-B90B-CA2B7FD3A059}.Release|Any CPU.Build.0 = Release|Any CPU
		{7B39AE8E-75A6-4F8B-9356-7EF8601CE69B}.Debug|Any CPU.ActiveCfg = Debug|Any CPU
		{7B39AE8E-75A6-4F8B-9356-7EF8601CE69B}.Debug|Any CPU.Build.0 = Debug|Any CPU
		{7B39AE8E-75A6-4F8B-9356-7EF8601CE69B}.Release|Any CPU.ActiveCfg = Release|Any CPU
		{7B39AE8E-75A6-4F8B-9356-7EF8601CE69B}.Release|Any CPU.Build.0 = Release|Any CPU
		{4FF420AD-E94D-426C-A59A-6F4FD211E1D3}.Debug|Any CPU.ActiveCfg = Debug|Any CPU
		{4FF420AD-E94D-426C-A59A-6F4FD211E1D3}.Debug|Any CPU.Build.0 = Debug|Any CPU
		{4FF420AD-E94D-426C-A59A-6F4FD211E1D3}.Release|Any CPU.ActiveCfg = Release|Any CPU
		{4FF420AD-E94D-426C-A59A-6F4FD211E1D3}.Release|Any CPU.Build.0 = Release|Any CPU
	EndGlobalSection
	GlobalSection(SolutionProperties) = preSolution
		HideSolutionNode = FALSE
	EndGlobalSection
	GlobalSection(ExtensibilityGlobals) = postSolution
		SolutionGuid = {37206A1B-8DA0-4077-9355-0F4B6FECFB79}
	EndGlobalSection
EndGlobal
